
Microsoft Visual Studio Solution File, Format Version 12.00
# Visual Studio Version 17
VisualStudioVersion = 17.1.32210.238
MinimumVisualStudioVersion = 10.0.40219.1
Project("{FAE04EC0-301F-11D3-BF4B-00C04F79EFBC}") = "HomeworkClass10Bonus", "HomeworkClass10Bonus\HomeworkClass10Bonus.csproj", "{8EA4DB7E-01C5-4558-BB1B-D8B8E92A50C4}"
EndProject
Global
	GlobalSection(SolutionConfigurationPlatforms) = preSolution
		Debug|Any CPU = Debug|Any CPU
		Release|Any CPU = Release|Any CPU
	EndGlobalSection
	GlobalSection(ProjectConfigurationPlatforms) = postSolution
		{8EA4DB7E-01C5-4558-BB1B-D8B8E92A50C4}.Debug|Any CPU.ActiveCfg = Debug|Any CPU
		{8EA4DB7E-01C5-4558-BB1B-D8B8E92A50C4}.Debug|Any CPU.Build.0 = Debug|Any CPU
		{8EA4DB7E-01C5-4558-BB1B-D8B8E92A50C4}.Release|Any CPU.ActiveCfg = Release|Any CPU
		{8EA4DB7E-01C5-4558-BB1B-D8B8E92A50C4}.Release|Any CPU.Build.0 = Release|Any CPU
	EndGlobalSection
	GlobalSection(SolutionProperties) = preSolution
		HideSolutionNode = FALSE
	EndGlobalSection
	GlobalSection(ExtensibilityGlobals) = postSolution
		SolutionGuid = {0B12CD9D-3D4A-40E8-A882-499C725CA788}
	EndGlobalSection
EndGlobal
